Microsoft Visual Studio Solution File, Format Version 12.00
# Visual Studio Version 17
VisualStudioVersion = 17.5.2.0
MinimumVisualStudioVersion = 10.0.40219.1
Project("{FAE04EC0-301F-11D3-BF4B-00C04F79EFBC}") = "SolCnbs.Api", "SolCnbs.Api\SolCnbs.Api.csproj", "{F7BD3FDE-8DF3-FAC2-672F-25A6BAB51E62}"
EndProject
Project("{FAE04EC0-301F-11D3-BF4B-00C04F79EFBC}") = "SolCnbs.Common", "SolCnbs.Common\SolCnbs.Common.csproj", "{2DCDF500-4EA3-34E9-1483-800D8B389F73}"
EndProject
Project("{FAE04EC0-301F-11D3-BF4B-00C04F79EFBC}") = "SolCnbs.Data", "SolCnbs.Data\SolCnbs.Data.csproj", "{A40C3D72-D3E7-8F62-5797-2E795904B59D}"
EndProject
Global
	GlobalSection(SolutionConfigurationPlatforms) = preSolution
		Debug|Any CPU = Debug|Any CPU
		Release|Any CPU = Release|Any CPU
	EndGlobalSection
	GlobalSection(ProjectConfigurationPlatforms) = postSolution
		{F7BD3FDE-8DF3-FAC2-672F-25A6BAB51E62}.Debug|Any CPU.ActiveCfg = Debug|Any CPU
		{F7BD3FDE-8DF3-FAC2-672F-25A6BAB51E62}.Debug|Any CPU.Build.0 = Debug|Any CPU
		{F7BD3FDE-8DF3-FAC2-672F-25A6BAB51E62}.Release|Any CPU.ActiveCfg = Release|Any CPU
		{F7BD3FDE-8DF3-FAC2-672F-25A6BAB51E62}.Release|Any CPU.Build.0 = Release|Any CPU
		{2DCDF500-4EA3-34E9-1483-800D8B389F73}.Debug|Any CPU.ActiveCfg = Debug|Any CPU
		{2DCDF500-4EA3-34E9-1483-800D8B389F73}.Debug|Any CPU.Build.0 = Debug|Any CPU
		{2DCDF500-4EA3-34E9-1483-800D8B389F73}.Release|Any CPU.ActiveCfg = Release|Any CPU
		{2DCDF500-4EA3-34E9-1483-800D8B389F73}.Release|Any CPU.Build.0 = Release|Any CPU
		{A40C3D72-D3E7-8F62-5797-2E795904B59D}.Debug|Any CPU.ActiveCfg = Debug|Any CPU
		{A40C3D72-D3E7-8F62-5797-2E795904B59D}.Debug|Any CPU.Build.0 = Debug|Any CPU
		{A40C3D72-D3E7-8F62-5797-2E795904B59D}.Release|Any CPU.ActiveCfg = Release|Any CPU
		{A40C3D72-D3E7-8F62-5797-2E795904B59D}.Release|Any CPU.Build.0 = Release|Any CPU
	EndGlobalSection
	GlobalSection(SolutionProperties) = preSolution
		HideSolutionNode = FALSE
	EndGlobalSection
	GlobalSection(ExtensibilityGlobals) = postSolution
		SolutionGuid = {400C9A1B-09A4-41DD-AD21-BEDD3CADCFD8}
	EndGlobalSection
EndGlobal
